github.com/KuraoHikari/golang-menengah v1.0.0 h1:ScIYxOi94UUyJCh6eCTDd3R3niTnmH0McGKPco4pmWE=
github.com/KuraoHikari/golang-menengah v1.0.0/go.mod h1:EJtIvO2gIlkww5BQp2zup0B6ZBdyyf9puA/YrMYPPLY=
github.com/KuraoHikari/golang-menengah v1.2.0 h1:VRBzHD16FyFwZwO8/k48o/Gh0CPY7XqVAfgA0jtWHu8=
github.com/KuraoHikari/golang-menengah v1.2.0/go.mod h1:EJtIvO2gIlkww5BQp2zup0B6ZBdyyf9puA/YrMYPPLY=
github.com/KuraoHikari/golang-menengah/v2 v2.0.0 h1:tL8QXlBirAAXF49Sh4T64vgiHcq+zcMB9NMRxHcAhDU=
github.com/KuraoHikari/golang-menengah/v2 v2.0.0/go.mod h1:oX0WQeaVQQORlNoUldH2nAQdnQGcBpXuSSGocgEyfiM=
